// !$*UTF8*$!
{
	archiveVersion = 1;
	classes = {
	};
	objectVersion = 50;
	objects = {

/* Begin PBXBuildFile section */
		40063EB9260D99EA00C3D449 /* AppDelegate.swift in Sources */ = {isa = PBXBuildFile; fileRef = 40063EB8260D99EA00C3D449 /* AppDelegate.swift */; };
		40063EBB260D99EA00C3D449 /* SceneDelegate.swift in Sources */ = {isa = PBXBuildFile; fileRef = 40063EBA260D99EA00C3D449 /* SceneDelegate.swift */; };
		40063EBD260D99EA00C3D449 /* ViewController.swift in Sources */ = {isa = PBXBuildFile; fileRef = 40063EBC260D99EA00C3D449 /* ViewController.swift */; };
		40063EC0260D99EA00C3D449 /* Main.storyboard in Resources */ = {isa = PBXBuildFile; fileRef = 40063EBE260D99EA00C3D449 /* Main.storyboard */; };
		40063EC3260D99EA00C3D449 /* PandemicPlaces.xcdatamodeld in Sources */ = {isa = PBXBuildFile; fileRef = 40063EC1260D99EA00C3D449 /* PandemicPlaces.xcdatamodeld */; };
		40063EC5260D99EC00C3D449 /* Assets.xcassets in Resources */ = {isa = PBXBuildFile; fileRef = 40063EC4260D99EC00C3D449 /* Assets.xcassets */; };
		40063EC8260D99EC00C3D449 /* LaunchScreen.storyboard in Resources */ = {isa = PBXBuildFile; fileRef = 40063EC6260D99EC00C3D449 /* LaunchScreen.storyboard */; };
		40063ED3260D99EC00C3D449 /* PandemicPlacesTests.swift in Sources */ = {isa = PBXBuildFile; fileRef = 40063ED2260D99EC00C3D449 /* PandemicPlacesTests.swift */; };
		40063EDE260D99EC00C3D449 /* PandemicPlacesUITests.swift in Sources */ = {isa = PBXBuildFile; fileRef = 40063EDD260D99EC00C3D449 /* PandemicPlacesUITests.swift */; };
/* End PBXBuildFile section */

/* Begin PBXContainerItemProxy section */
		40063ECF260D99EC00C3D449 /* PBXContainerItemProxy */ = {
			isa = PBXContainerItemProxy;
			containerPortal = 40063EAD260D99E900C3D449 /* Project object */;
			proxyType = 1;
			remoteGlobalIDString = 40063EB4260D99EA00C3D449;
			remoteInfo = PandemicPlaces;
		};
		40063EDA260D99EC00C3D449 /* PBXContainerItemProxy */ = {
			isa = PBXContainerItemProxy;
			containerPortal = 40063EAD260D99E900C3D449 /* Project object */;
			proxyType = 1;
			remoteGlobalIDString = 40063EB4260D99EA00C3D449;
			remoteInfo = PandemicPlaces;
		};
/* End PBXContainerItemProxy section */

/* Begin PBXFileReference section */
		40063EB5260D99EA00C3D449 /* PandemicPlaces.app */ = {isa = PBXFileReference; explicitFileType = wrapper.application; includeInIndex = 0; path = PandemicPlaces.app; sourceTree = BUILT_PRODUCTS_DIR; };
		40063EB8260D99EA00C3D449 /* AppDelegate.swift */ = {isa = PBXFileReference; lastKnownFileType = sourcecode.swift; path = AppDelegate.swift; sourceTree = "<group>"; };
		40063EBA260D99EA00C3D449 /* SceneDelegate.swift */ = {isa = PBXFileReference; lastKnownFileType = sourcecode.swift; path = SceneDelegate.swift; sourceTree = "<group>"; };
		40063EBC260D99EA00C3D449 /* ViewController.swift */ = {isa = PBXFileReference; lastKnownFileType = sourcecode.swift; path = ViewController.swift; sourceTree = "<group>"; };
		40063EBF260D99EA00C3D449 /* Base */ = {isa = PBXFileReference; lastKnownFileType = file.storyboard; name = Base; path = Base.lproj/Main.storyboard; sourceTree = "<group>"; };
		40063EC2260D99EA00C3D449 /* PandemicPlaces.xcdatamodel */ = {isa = PBXFileReference; lastKnownFileType = wrapper.xcdatamodel; path = PandemicPlaces.xcdatamodel; sourceTree = "<group>"; };
		40063EC4260D99EC00C3D449 /* Assets.xcassets */ = {isa = PBXFileReference; lastKnownFileType = folder.assetcatalog; path = Assets.xcassets; sourceTree = "<group>"; };
		40063EC7260D99EC00C3D449 /* Base */ = {isa = PBXFileReference; lastKnownFileType = file.storyboard; name = Base; path = Base.lproj/LaunchScreen.storyboard; sourceTree = "<group>"; };
		40063EC9260D99EC00C3D449 /* Info.plist */ = {isa = PBXFileReference; lastKnownFileType = text.plist.xml; path = Info.plist; sourceTree = "<group>"; };
		40063ECE260D99EC00C3D449 /* PandemicPlacesTests.xctest */ = {isa = PBXFileReference; explicitFileType = wrapper.cfbundle; includeInIndex = 0; path = PandemicPlacesTests.xctest; sourceTree = BUILT_PRODUCTS_DIR; };
		40063ED2260D99EC00C3D449 /* PandemicPlacesTests.swift */ = {isa = PBXFileReference; lastKnownFileType = sourcecode.swift; path = PandemicPlacesTests.swift; sourceTree = "<group>"; };
		40063ED4260D99EC00C3D449 /* Info.plist */ = {isa = PBXFileReference; lastKnownFileType = text.plist.xml; path = Info.plist; sourceTree = "<group>"; };
		40063ED9260D99EC00C3D449 /* PandemicPlacesUITests.xctest */ = {isa = PBXFileReference; explicitFileType = wrapper.cfbundle; includeInIndex = 0; path = PandemicPlacesUITests.xctest; sourceTree = BUILT_PRODUCTS_DIR; };
		40063EDD260D99EC00C3D449 /* PandemicPlacesUITests.swift */ = {isa = PBXFileReference; lastKnownFileType = sourcecode.swift; path = PandemicPlacesUITests.swift; sourceTree = "<group>"; };
		40063EDF260D99EC00C3D449 /* Info.plist */ = {isa = PBXFileReference; lastKnownFileType = text.plist.xml; path = Info.plist; sourceTree = "<group>"; };
/* End PBXFileReference section */

/* Begin PBXFrameworksBuildPhase section */
		40063EB2260D99EA00C3D449 /* Frameworks */ = {
			isa = PBXFrameworksBuildPhase;
			buildActionMask = 2147483647;
			files = (
			);
			runOnlyForDeploymentPostprocessing = 0;
		};
		40063ECB260D99EC00C3D449 /* Frameworks */ = {
			isa = PBXFrameworksBuildPhase;
			buildActionMask = 2147483647;
			files = (
			);
			runOnlyForDeploymentPostprocessing = 0;
		};
		40063ED6260D99EC00C3D449 /* Frameworks */ = {
			isa = PBXFrameworksBuildPhase;
			buildActionMask = 2147483647;
			files = (
			);
			runOnlyForDeploymentPostprocessing = 0;
		};
/* End PBXFrameworksBuildPhase section */

/* Begin PBXGroup section */
		40063EAC260D99E900C3D449 = {
			isa = PBXGroup;
			children = (
				40063EB7260D99EA00C3D449 /* PandemicPlaces */,
				40063ED1260D99EC00C3D449 /* PandemicPlacesTests */,
				40063EDC260D99EC00C3D449 /* PandemicPlacesUITests */,
				40063EB6260D99EA00C3D449 /* Products */,
			);
			sourceTree = "<group>";
		};
		40063EB6260D99EA00C3D449 /* Products */ = {
			isa = PBXGroup;
			children = (
				40063EB5260D99EA00C3D449 /* PandemicPlaces.app */,
				40063ECE260D99EC00C3D449 /* PandemicPlacesTests.xctest */,
				40063ED9260D99EC00C3D449 /* PandemicPlacesUITests.xctest */,
			);
			name = Products;
			sourceTree = "<group>";
		};
		40063EB7260D99EA00C3D449 /* PandemicPlaces */ = {
			isa = PBXGroup;
			children = (
				40063EB8260D99EA00C3D449 /* AppDelegate.swift */,
				40063EBA260D99EA00C3D449 /* SceneDelegate.swift */,
				40063EBC260D99EA00C3D449 /* ViewController.swift */,
				40063EBE260D99EA00C3D449 /* Main.storyboard */,
				40063EC4260D99EC00C3D449 /* Assets.xcassets */,
				40063EC6260D99EC00C3D449 /* LaunchScreen.storyboard */,
				40063EC9260D99EC00C3D449 /* Info.plist */,
				40063EC1260D99EA00C3D449 /* PandemicPlaces.xcdatamodeld */,
			);
			path = PandemicPlaces;
			sourceTree = "<group>";
		};
		40063ED1260D99EC00C3D449 /* PandemicPlacesTests */ = {
			isa = PBXGroup;
			children = (
				40063ED2260D99EC00C3D449 /* PandemicPlacesTests.swift */,
				40063ED4260D99EC00C3D449 /* Info.plist */,
			);
			path = PandemicPlacesTests;
			sourceTree = "<group>";
		};
		40063EDC260D99EC00C3D449 /* PandemicPlacesUITests */ = {
			isa = PBXGroup;
			children = (
				40063EDD260D99EC00C3D449 /* PandemicPlacesUITests.swift */,
				40063EDF260D99EC00C3D449 /* Info.plist */,
			);
			path = PandemicPlacesUITests;
			sourceTree = "<group>";
		};
/* End PBXGroup section */

/* Begin PBXNativeTarget section */
		40063EB4260D99EA00C3D449 /* PandemicPlaces */ = {
			isa = PBXNativeTarget;
			buildConfigurationList = 40063EE2260D99EC00C3D449 /* Build configuration list for PBXNativeTarget "PandemicPlaces" */;
			buildPhases = (
				40063EB1260D99EA00C3D449 /* Sources */,
				40063EB2260D99EA00C3D449 /* Frameworks */,
				40063EB3260D99EA00C3D449 /* Resources */,
			);
			buildRules = (
			);
			dependencies = (
			);
			name = PandemicPlaces;
			productName = PandemicPlaces;
			productReference = 40063EB5260D99EA00C3D449 /* PandemicPlaces.app */;
			productType = "com.apple.product-type.application";
		};
		40063ECD260D99EC00C3D449 /* PandemicPlacesTests */ = {
			isa = PBXNativeTarget;
			buildConfigurationList = 40063EE5260D99EC00C3D449 /* Build configuration list for PBXNativeTarget "PandemicPlacesTests" */;
			buildPhases = (
				40063ECA260D99EC00C3D449 /* Sources */,
				40063ECB260D99EC00C3D449 /* Frameworks */,
				40063ECC260D99EC00C3D449 /* Resources */,
			);
			buildRules = (
			);
			dependencies = (
				40063ED0260D99EC00C3D449 /* PBXTargetDependency */,
			);
			name = PandemicPlacesTests;
			productName = PandemicPlacesTests;
			productReference = 40063ECE260D99EC00C3D449 /* PandemicPlacesTests.xctest */;
			productType = "com.apple.product-type.bundle.unit-test";
		};
		40063ED8260D99EC00C3D449 /* PandemicPlacesUITests */ = {
			isa = PBXNativeTarget;
			buildConfigurationList = 40063EE8260D99EC00C3D449 /* Build configuration list for PBXNativeTarget "PandemicPlacesUITests" */;
			buildPhases = (
				40063ED5260D99EC00C3D449 /* Sources */,
				40063ED6260D99EC00C3D449 /* Frameworks */,
				40063ED7260D99EC00C3D449 /* Resources */,
			);
			buildRules = (
			);
			dependencies = (
				40063EDB260D99EC00C3D449 /* PBXTargetDependency */,
			);
			name = PandemicPlacesUITests;
			productName = PandemicPlacesUITests;
			productReference = 40063ED9260D99EC00C3D449 /* PandemicPlacesUITests.xctest */;
			productType = "com.apple.product-type.bundle.ui-testing";
		};
/* End PBXNativeTarget section */

/* Begin PBXProject section */
		40063EAD260D99E900C3D449 /* Project object */ = {
			isa = PBXProject;
			attributes = {
				LastSwiftUpdateCheck = 1220;
				LastUpgradeCheck = 1220;
				TargetAttributes = {
					40063EB4260D99EA00C3D449 = {
						CreatedOnToolsVersion = 12.2;
					};
					40063ECD260D99EC00C3D449 = {
						CreatedOnToolsVersion = 12.2;
						TestTargetID = 40063EB4260D99EA00C3D449;
					};
					40063ED8260D99EC00C3D449 = {
						CreatedOnToolsVersion = 12.2;
						TestTargetID = 40063EB4260D99EA00C3D449;
					};
				};
			};
			buildConfigurationList = 40063EB0260D99E900C3D449 /* Build configuration list for PBXProject "PandemicPlaces" */;
			compatibilityVersion = "Xcode 9.3";
			developmentRegion = en;
			hasScannedForEncodings = 0;
			knownRegions = (
				en,
				Base,
			);
			mainGroup = 40063EAC260D99E900C3D449;
			productRefGroup = 40063EB6260D99EA00C3D449 /* Products */;
			projectDirPath = "";
			projectRoot = "";
			targets = (
				40063EB4260D99EA00C3D449 /* PandemicPlaces */,
				40063ECD260D99EC00C3D449 /* PandemicPlacesTests */,
				40063ED8260D99EC00C3D449 /* PandemicPlacesUITests */,
			);
		};
/* End PBXProject section */

/* Begin PBXResourcesBuildPhase section */
		40063EB3260D99EA00C3D449 /* Resources */ = {
			isa = PBXResourcesBuildPhase;
			buildActionMask = 2147483647;
			files = (
				40063EC8260D99EC00C3D449 /* LaunchScreen.storyboard in Resources */,
				40063EC5260D99EC00C3D449 /* Assets.xcassets in Resources */,
				40063EC0260D99EA00C3D449 /* Main.storyboard in Resources */,
			);
			runOnlyForDeploymentPostprocessing = 0;
		};
		40063ECC260D99EC00C3D449 /* Resources */ = {
			isa = PBXResourcesBuildPhase;
			buildActionMask = 2147483647;
			files = (
			);
			runOnlyForDeploymentPostprocessing = 0;
		};
		40063ED7260D99EC00C3D449 /* Resources */ = {
			isa = PBXResourcesBuildPhase;
			buildActionMask = 2147483647;
			files = (
			);
			runOnlyForDeploymentPostprocessing = 0;
		};
/* End PBXResourcesBuildPhase section */

/* Begin PBXSourcesBuildPhase section */
		40063EB1260D99EA00C3D449 /* Sources */ = {
			isa = PBXSourcesBuildPhase;
			buildActionMask = 2147483647;
			files = (
				40063EC3260D99EA00C3D449 /* PandemicPlaces.xcdatamodeld in Sources */,
				40063EBD260D99EA00C3D449 /* ViewController.swift in Sources */,
				40063EB9260D99EA00C3D449 /* AppDelegate.swift in Sources */,
				40063EBB260D99EA00C3D449 /* SceneDelegate.swift in Sources */,
			);
			runOnlyForDeploymentPostprocessing = 0;
		};
		40063ECA260D99EC00C3D449 /* Sources */ = {
			isa = PBXSourcesBuildPhase;
			buildActionMask = 2147483647;
			files = (
				40063ED3260D99EC00C3D449 /* PandemicPlacesTests.swift in Sources */,
			);
			runOnlyForDeploymentPostprocessing = 0;
		};
		40063ED5260D99EC00C3D449 /* Sources */ = {
			isa = PBXSourcesBuildPhase;
			buildActionMask = 2147483647;
			files = (
				40063EDE260D99EC00C3D449 /* PandemicPlacesUITests.swift in Sources */,
			);
			runOnlyForDeploymentPostprocessing = 0;
		};
/* End PBXSourcesBuildPhase section */

/* Begin PBXTargetDependency section */
		40063ED0260D99EC00C3D449 /* PBXTargetDependency */ = {
			isa = PBXTargetDependency;
			target = 40063EB4260D99EA00C3D449 /* PandemicPlaces */;
			targetProxy = 40063ECF260D99EC00C3D449 /* PBXContainerItemProxy */;
		};
		40063EDB260D99EC00C3D449 /* PBXTargetDependency */ = {
			isa = PBXTargetDependency;
			target = 40063EB4260D99EA00C3D449 /* PandemicPlaces */;
			targetProxy = 40063EDA260D99EC00C3D449 /* PBXContainerItemProxy */;
		};
/* End PBXTargetDependency section */

/* Begin PBXVariantGroup section */
		40063EBE260D99EA00C3D449 /* Main.storyboard */ = {
			isa = PBXVariantGroup;
			children = (
				40063EBF260D99EA00C3D449 /* Base */,
			);
			name = Main.storyboard;
			sourceTree = "<group>";
		};
		40063EC6260D99EC00C3D449 /* LaunchScreen.storyboard */ = {
			isa = PBXVariantGroup;
			children = (
				40063EC7260D99EC00C3D449 /* Base */,
			);
			name = LaunchScreen.storyboard;
			sourceTree = "<group>";
		};
/* End PBXVariantGroup section */

/* Begin XCBuildConfiguration section */
		40063EE0260D99EC00C3D449 /* Debug */ = {
			isa = XCBuildConfiguration;
			buildSettings = {
				ALWAYS_SEARCH_USER_PATHS = NO;
				CLANG_ANALYZER_NONNULL = YES;
				CLANG_ANALYZER_NUMBER_OBJECT_CONVERSION = YES_AGGRESSIVE;
				CLANG_CXX_LANGUAGE_STANDARD = "gnu++14";
				CLANG_CXX_LIBRARY = "libc++";
				CLANG_ENABLE_MODULES = YES;
				CLANG_ENABLE_OBJC_ARC = YES;
				CLANG_ENABLE_OBJC_WEAK = YES;
				CLANG_WARN_BLOCK_CAPTURE_AUTORELEASING = YES;
				CLANG_WARN_BOOL_CONVERSION = YES;
				CLANG_WARN_COMMA = YES;
				CLANG_WARN_CONSTANT_CONVERSION = YES;
				CLANG_WARN_DEPRECATED_OBJC_IMPLEMENTATIONS = YES;
				CLANG_WARN_DIRECT_OBJC_ISA_USAGE = YES_ERROR;
				CLANG_WARN_DOCUMENTATION_COMMENTS = YES;
				CLANG_WARN_EMPTY_BODY = YES;
				CLANG_WARN_ENUM_CONVERSION = YES;
				CLANG_WARN_INFINITE_RECURSION = YES;
				CLANG_WARN_INT_CONVERSION = YES;
				CLANG_WARN_NON_LITERAL_NULL_CONVERSION = YES;
				CLANG_WARN_OBJC_IMPLICIT_RETAIN_SELF = YES;
				CLANG_WARN_OBJC_LITERAL_CONVERSION = YES;
				CLANG_WARN_OBJC_ROOT_CLASS = YES_ERROR;
				CLANG_WARN_QUOTED_INCLUDE_IN_FRAMEWORK_HEADER = YES;
				CLANG_WARN_RANGE_LOOP_ANALYSIS = YES;
				CLANG_WARN_STRICT_PROTOTYPES = YES;
				CLANG_WARN_SUSPICIOUS_MOVE = YES;
				CLANG_WARN_UNGUARDED_AVAILABILITY = YES_AGGRESSIVE;
				CLANG_WARN_UNREACHABLE_CODE = YES;
				CLANG_WARN__DUPLICATE_METHOD_MATCH = YES;
				COPY_PHASE_STRIP = NO;
				DEBUG_INFORMATION_FORMAT = dwarf;
				ENABLE_STRICT_OBJC_MSGSEND = YES;
				ENABLE_TESTABILITY = YES;
				GCC_C_LANGUAGE_STANDARD = gnu11;
				GCC_DYNAMIC_NO_PIC = NO;
				GCC_NO_COMMON_BLOCKS = YES;
				GCC_OPTIMIZATION_LEVEL = 0;
				GCC_PREPROCESSOR_DEFINITIONS = (
					"DEBUG=1",
					"$(inherited)",
				);
				GCC_WARN_64_TO_32_BIT_CONVERSION = YES;
				GCC_WARN_ABOUT_RETURN_TYPE = YES_ERROR;
				GCC_WARN_UNDECLARED_SELECTOR = YES;
				GCC_WARN_UNINITIALIZED_AUTOS = YES_AGGRESSIVE;
				GCC_WARN_UNUSED_FUNCTION = YES;
				GCC_WARN_UNUSED_VARIABLE = YES;
				IPHONEOS_DEPLOYMENT_TARGET = 14.2;
				MTL_ENABLE_DEBUG_INFO = INCLUDE_SOURCE;
				MTL_FAST_MATH = YES;
				ONLY_ACTIVE_ARCH = YES;
				SDKROOT = iphoneos;
				SWIFT_ACTIVE_COMPILATION_CONDITIONS = DEBUG;
				SWIFT_OPTIMIZATION_LEVEL = "-Onone";
			};
			name = Debug;
		};
		40063EE1260D99EC00C3D449 /* Release */ = {
			isa = XCBuildConfiguration;
			buildSettings = {
				ALWAYS_SEARCH_USER_PATHS = NO;
				CLANG_ANALYZER_NONNULL = YES;
				CLANG_ANALYZER_NUMBER_OBJECT_CONVERSION = YES_AGGRESSIVE;
				CLANG_CXX_LANGUAGE_STANDARD = "gnu++14";
				CLANG_CXX_LIBRARY = "libc++";
				CLANG_ENABLE_MODULES = YES;
				CLANG_ENABLE_OBJC_ARC = YES;
				CLANG_ENABLE_OBJC_WEAK = YES;
				CLANG_WARN_BLOCK_CAPTURE_AUTORELEASING = YES;
				CLANG_WARN_BOOL_CONVERSION = YES;
				CLANG_WARN_COMMA = YES;
				CLANG_WARN_CONSTANT_CONVERSION = YES;
				CLANG_WARN_DEPRECATED_OBJC_IMPLEMENTATIONS = YES;
				CLANG_WARN_DIRECT_OBJC_ISA_USAGE = YES_ERROR;
				CLANG_WARN_DOCUMENTATION_COMMENTS = YES;
				CLANG_WARN_EMPTY_BODY = YES;
				CLANG_WARN_ENUM_CONVERSION = YES;
				CLANG_WARN_INFINITE_RECURSION = YES;
				CLANG_WARN_INT_CONVERSION = YES;
				CLANG_WARN_NON_LITERAL_NULL_CONVERSION = YES;
				CLANG_WARN_OBJC_IMPLICIT_RETAIN_SELF = YES;
				CLANG_WARN_OBJC_LITERAL_CONVERSION = YES;
				CLANG_WARN_OBJC_ROOT_CLASS = YES_ERROR;
				CLANG_WARN_QUOTED_INCLUDE_IN_FRAMEWORK_HEADER = YES;
				CLANG_WARN_RANGE_LOOP_ANALYSIS = YES;
				CLANG_WARN_STRICT_PROTOTYPES = YES;
				CLANG_WARN_SUSPICIOUS_MOVE = YES;
				CLANG_WARN_UNGUARDED_AVAILABILITY = YES_AGGRESSIVE;
				CLANG_WARN_UNREACHABLE_CODE = YES;
				CLANG_WARN__DUPLICATE_METHOD_MATCH = YES;
				COPY_PHASE_STRIP = NO;
				DEBUG_INFORMATION_FORMAT = "dwarf-with-dsym";
				ENABLE_NS_ASSERTIONS = NO;
				ENABLE_STRICT_OBJC_MSGSEND = YES;
				GCC_C_LANGUAGE_STANDARD = gnu11;
				GCC_NO_COMMON_BLOCKS = YES;
				GCC_WARN_64_TO_32_BIT_CONVERSION = YES;
				GCC_WARN_ABOUT_RETURN_TYPE = YES_ERROR;
				GCC_WARN_UNDECLARED_SELECTOR = YES;
				GCC_WARN_UNINITIALIZED_AUTOS = YES_AGGRESSIVE;
				GCC_WARN_UNUSED_FUNCTION = YES;
				GCC_WARN_UNUSED_VARIABLE = YES;
				IPHONEOS_DEPLOYMENT_TARGET = 14.2;
				MTL_ENABLE_DEBUG_INFO = NO;
				MTL_FAST_MATH = YES;
				SDKROOT = iphoneos;
				SWIFT_COMPILATION_MODE = wholemodule;
				SWIFT_OPTIMIZATION_LEVEL = "-O";
				VALIDATE_PRODUCT = YES;
			};
			name = Release;
		};
		40063EE3260D99EC00C3D449 /* Debug */ = {
			isa = XCBuildConfiguration;
			buildSettings = {
				ASSETCATALOG_COMPILER_APPICON_NAME = AppIcon;
				ASSETCATALOG_COMPILER_GLOBAL_ACCENT_COLOR_NAME = AccentColor;
				CODE_SIGN_STYLE = Automatic;
				DEVELOPMENT_TEAM = KWRWF7556C;
				INFOPLIST_FILE = PandemicPlaces/Info.plist;
				LD_RUNPATH_SEARCH_PATHS = (
					"$(inherited)",
					"@executable_path/Frameworks",
				);
				PRODUCT_BUNDLE_IDENTIFIER = com.Shyamaksingh.PandemicPlaces;
				PRODUCT_NAME = "$(TARGET_NAME)";
				SWIFT_VERSION = 5.0;
				TARGETED_DEVICE_FAMILY = "1,2";
			};
			name = Debug;
		};
		40063EE4260D99EC00C3D449 /* Release */ = {
			isa = XCBuildConfiguration;
			buildSettings = {
				ASSETCATALOG_COMPILER_APPICON_NAME = AppIcon;
				ASSETCATALOG_COMPILER_GLOBAL_ACCENT_COLOR_NAME = AccentColor;
				CODE_SIGN_STYLE = Automatic;
				DEVELOPMENT_TEAM = KWRWF7556C;
				INFOPLIST_FILE = PandemicPlaces/Info.plist;
				LD_RUNPATH_SEARCH_PATHS = (
					"$(inherited)",
					"@executable_path/Frameworks",
				);
				PRODUCT_BUNDLE_IDENTIFIER = com.Shyamaksingh.PandemicPlaces;
				PRODUCT_NAME = "$(TARGET_NAME)";
				SWIFT_VERSION = 5.0;
				TARGETED_DEVICE_FAMILY = "1,2";
			};
			name = Release;
		};
		40063EE6260D99EC00C3D449 /* Debug */ = {
			isa = XCBuildConfiguration;
			buildSettings = {
				ALWAYS_EMBED_SWIFT_STANDARD_LIBRARIES = YES;
				BUNDLE_LOADER = "$(TEST_HOST)";
				CODE_SIGN_STYLE = Automatic;
				INFOPLIST_FILE = PandemicPlacesTests/Info.plist;
				IPHONEOS_DEPLOYMENT_TARGET = 14.2;
				LD_RUNPATH_SEARCH_PATHS = (
					"$(inherited)",
					"@executable_path/Frameworks",
					"@loader_path/Frameworks",
				);
				PRODUCT_BUNDLE_IDENTIFIER = com.Shyamaksingh.PandemicPlacesTests;
				PRODUCT_NAME = "$(TARGET_NAME)";
				SWIFT_VERSION = 5.0;
				TARGETED_DEVICE_FAMILY = "1,2";
				TEST_HOST = "$(BUILT_PRODUCTS_DIR)/PandemicPlaces.app/PandemicPlaces";
			};
			name = Debug;
		};
		40063EE7260D99EC00C3D449 /* Release */ = {
			isa = XCBuildConfiguration;
			buildSettings = {
				ALWAYS_EMBED_SWIFT_STANDARD_LIBRARIES = YES;
				BUNDLE_LOADER = "$(TEST_HOST)";
				CODE_SIGN_STYLE = Automatic;
				INFOPLIST_FILE = PandemicPlacesTests/Info.plist;
				IPHONEOS_DEPLOYMENT_TARGET = 14.2;
				LD_RUNPATH_SEARCH_PATHS = (
					"$(inherited)",
					"@executable_path/Frameworks",
					"@loader_path/Frameworks",
				);
				PRODUCT_BUNDLE_IDENTIFIER = com.Shyamaksingh.PandemicPlacesTests;
				PRODUCT_NAME = "$(TARGET_NAME)";
				SWIFT_VERSION = 5.0;
				TARGETED_DEVICE_FAMILY = "1,2";
				TEST_HOST = "$(BUILT_PRODUCTS_DIR)/PandemicPlaces.app/PandemicPlaces";
			};
			name = Release;
		};
		40063EE9260D99EC00C3D449 /* Debug */ = {
			isa = XCBuildConfiguration;
			buildSettings = {
				ALWAYS_EMBED_SWIFT_STANDARD_LIBRARIES = YES;
				CODE_SIGN_STYLE = Automatic;
				INFOPLIST_FILE = PandemicPlacesUITests/Info.plist;
				LD_RUNPATH_SEARCH_PATHS = (
					"$(inherited)",
					"@executable_path/Frameworks",
					"@loader_path/Frameworks",
				);
				PRODUCT_BUNDLE_IDENTIFIER = com.Shyamaksingh.PandemicPlacesUITests;
				PRODUCT_NAME = "$(TARGET_NAME)";
				SWIFT_VERSION = 5.0;
				TARGETED_DEVICE_FAMILY = "1,2";
				TEST_TARGET_NAME = PandemicPlaces;
			};
			name = Debug;
		};
		40063EEA260D99EC00C3D449 /* Release */ = {
			isa = XCBuildConfiguration;
			buildSettings = {
				ALWAYS_EMBED_SWIFT_STANDARD_LIBRARIES = YES;
				CODE_SIGN_STYLE = Automatic;
				INFOPLIST_FILE = PandemicPlacesUITests/Info.plist;
				LD_RUNPATH_SEARCH_PATHS = (
					"$(inherited)",
					"@executable_path/Frameworks",
					"@loader_path/Frameworks",
				);
				PRODUCT_BUNDLE_IDENTIFIER = com.Shyamaksingh.PandemicPlacesUITests;
				PRODUCT_NAME = "$(TARGET_NAME)";
				SWIFT_VERSION = 5.0;
				TARGETED_DEVICE_FAMILY = "1,2";
				TEST_TARGET_NAME = PandemicPlaces;
			};
			name = Release;
		};
/* End XCBuildConfiguration section */

/* Begin XCConfigurationList section */
		40063EB0260D99E900C3D449 /* Build configuration list for PBXProject "PandemicPlaces" */ = {
			isa = XCConfigurationList;
			buildConfigurations = (
				40063EE0260D99EC00C3D449 /* Debug */,
				40063EE1260D99EC00C3D449 /* Release */,
			);
			defaultConfigurationIsVisible = 0;
			defaultConfigurationName = Release;
		};
		40063EE2260D99EC00C3D449 /* Build configuration list for PBXNativeTarget "PandemicPlaces" */ = {
			isa = XCConfigurationList;
			buildConfigurations = (
				40063EE3260D99EC00C3D449 /* Debug */,
				40063EE4260D99EC00C3D449 /* Release */,
			);
			defaultConfigurationIsVisible = 0;
			defaultConfigurationName = Release;
		};
		40063EE5260D99EC00C3D449 /* Build configuration list for PBXNativeTarget "PandemicPlacesTests" */ = {
			isa = XCConfigurationList;
			buildConfigurations = (
				40063EE6260D99EC00C3D449 /* Debug */,
				40063EE7260D99EC00C3D449 /* Release */,
			);
			defaultConfigurationIsVisible = 0;
			defaultConfigurationName = Release;
		};
		40063EE8260D99EC00C3D449 /* Build configuration list for PBXNativeTarget "PandemicPlacesUITests" */ = {
			isa = XCConfigurationList;
			buildConfigurations = (
				40063EE9260D99EC00C3D449 /* Debug */,
				40063EEA260D99EC00C3D449 /* Release */,
			);
			defaultConfigurationIsVisible = 0;
			defaultConfigurationName = Release;
		};
/* End XCConfigurationList section */

/* Begin XCVersionGroup section */
		40063EC1260D99EA00C3D449 /* PandemicPlaces.xcdatamodeld */ = {
			isa = XCVersionGroup;
			children = (
				40063EC2260D99EA00C3D449 /* PandemicPlaces.xcdatamodel */,
			);
			currentVersion = 40063EC2260D99EA00C3D449 /* PandemicPlaces.xcdatamodel */;
			path = PandemicPlaces.xcdatamodeld;
			sourceTree = "<group>";
			versionGroupType = wrapper.xcdatamodel;
		};
/* End XCVersionGroup section */
	};
	rootObject = 40063EAD260D99E900C3D449 /* Project object */;
}
